
Microsoft Visual Studio Solution File, Format Version 12.00
# Visual Studio 2012
Project("{FAE04EC0-301F-11D3-BF4B-00C04F79EFBC}") = "rakutenshoppingcart", "rakutenshoppingcart\rakutenshoppingcart.csproj", "{3EA6A4E5-6189-4041-A848-FCB46679BC3A}"
EndProject
Global
	GlobalSection(SolutionConfigurationPlatforms) = preSolution
		Debug|iPhoneSimulator = Debug|iPhoneSimulator
		Release|iPhoneSimulator = Release|iPhoneSimulator
		Debug|iPhone = Debug|iPhone
		Release|iPhone = Release|iPhone
		Ad-Hoc|iPhone = Ad-Hoc|iPhone
		AppStore|iPhone = AppStore|iPhone
	EndGlobalSection
	GlobalSection(ProjectConfigurationPlatforms) = postSolution
		{3EA6A4E5-6189-4041-A848-FCB46679BC3A}.Ad-Hoc|iPhone.ActiveCfg = Ad-Hoc|iPhone
		{3EA6A4E5-6189-4041-A848-FCB46679BC3A}.Ad-Hoc|iPhone.Build.0 = Ad-Hoc|iPhone
		{3EA6A4E5-6189-4041-A848-FCB46679BC3A}.AppStore|iPhone.ActiveCfg = AppStore|iPhone
		{3EA6A4E5-6189-4041-A848-FCB46679BC3A}.AppStore|iPhone.Build.0 = AppStore|iPhone
		{3EA6A4E5-6189-4041-A848-FCB46679BC3A}.Debug|iPhone.ActiveCfg = Debug|iPhone
		{3EA6A4E5-6189-4041-A848-FCB46679BC3A}.Debug|iPhone.Build.0 = Debug|iPhone
		{3EA6A4E5-6189-4041-A848-FCB46679BC3A}.Debug|iPhoneSimulator.ActiveCfg = Debug|iPhoneSimulator
		{3EA6A4E5-6189-4041-A848-FCB46679BC3A}.Debug|iPhoneSimulator.Build.0 = Debug|iPhoneSimulator
		{3EA6A4E5-6189-4041-A848-FCB46679BC3A}.Release|iPhone.ActiveCfg = Release|iPhone
		{3EA6A4E5-6189-4041-A848-FCB46679BC3A}.Release|iPhone.Build.0 = Release|iPhone
		{3EA6A4E5-6189-4041-A848-FCB46679BC3A}.Release|iPhoneSimulator.ActiveCfg = Release|iPhoneSimulator
		{3EA6A4E5-6189-4041-A848-FCB46679BC3A}.Release|iPhoneSimulator.Build.0 = Release|iPhoneSimulator
	EndGlobalSection
EndGlobal
